// !$*UTF8*$!
{
	archiveVersion = 1;
	classes = {
	};
	objectVersion = 46;
	objects = {

/* Begin PBXBuildFile section */
		F81EE3061AE5E93B006966A0 /* main.cpp in Sources */ = {isa = PBXBuildFile; fileRef = F81EE3051AE5E93B006966A0 /* main.cpp */; };
		F81EE30F1AE5E9F9006966A0 /* AVLTree.cpp in Sources */ = {isa = PBXBuildFile; fileRef = F81EE30C1AE5E9F9006966A0 /* AVLTree.cpp */; };
		F81EE3101AE5E9F9006966A0 /* BinarySearchTree.cpp in Sources */ = {isa = PBXBuildFile; fileRef = F81EE30D1AE5E9F9006966A0 /* BinarySearchTree.cpp */; };
		F81EE3111AE5E9F9006966A0 /* SplayTree.cpp in Sources */ = {isa = PBXBuildFile; fileRef = F81EE30E1AE5E9F9006966A0 /* SplayTree.cpp */; };
/* End PBXBuildFile section */

/* Begin PBXCopyFilesBuildPhase section */
		F81EE3001AE5E93A006966A0 /* CopyFiles */ = {
			isa = PBXCopyFilesBuildPhase;
			buildActionMask = 2147483647;
			dstPath = /usr/share/man/man1/;
			dstSubfolderSpec = 0;
			files = (
			);
			runOnlyForDeploymentPostprocessing = 1;
		};
/* End PBXCopyFilesBuildPhase section */

/* Begin PBXFileReference section */
		F81EE3021AE5E93A006966A0 /* Test */ = {isa = PBXFileReference; explicitFileType = "compiled.mach-o.executable"; includeInIndex = 0; path = Test; sourceTree = BUILT_PRODUCTS_DIR; };
		F81EE3051AE5E93B006966A0 /* main.cpp */ = {isa = PBXFileReference; lastKnownFileType = sourcecode.cpp.cpp; path = main.cpp; sourceTree = "<group>"; };
		F81EE30C1AE5E9F9006966A0 /* AVLTree.cpp */ = {isa = PBXFileReference; fileEncoding = 4; lastKnownFileType = sourcecode.cpp.cpp; path = AVLTree.cpp; sourceTree = "<group>"; };
		F81EE30D1AE5E9F9006966A0 /* BinarySearchTree.cpp */ = {isa = PBXFileReference; fileEncoding = 4; lastKnownFileType = sourcecode.cpp.cpp; path = BinarySearchTree.cpp; sourceTree = "<group>"; };
		F81EE30E1AE5E9F9006966A0 /* SplayTree.cpp */ = {isa = PBXFileReference; fileEncoding = 4; lastKnownFileType = sourcecode.cpp.cpp; path = SplayTree.cpp; sourceTree = "<group>"; };
/* End PBXFileReference section */

/* Begin PBXFrameworksBuildPhase section */
		F81EE2FF1AE5E93A006966A0 /* Frameworks */ = {
			isa = PBXFrameworksBuildPhase;
			buildActionMask = 2147483647;
			files = (
			);
			runOnlyForDeploymentPostprocessing = 0;
		};
/* End PBXFrameworksBuildPhase section */

/* Begin PBXGroup section */
		F81EE2F91AE5E939006966A0 = {
			isa = PBXGroup;
			children = (
				F81EE3041AE5E93A006966A0 /* Test */,
				F81EE3031AE5E93A006966A0 /* Products */,
			);
			sourceTree = "<group>";
		};
		F81EE3031AE5E93A006966A0 /* Products */ = {
			isa = PBXGroup;
			children = (
				F81EE3021AE5E93A006966A0 /* Test */,
			);
			name = Products;
			sourceTree = "<group>";
		};
		F81EE3041AE5E93A006966A0 /* Test */ = {
			isa = PBXGroup;
			children = (
				F81EE30C1AE5E9F9006966A0 /* AVLTree.cpp */,
				F81EE30D1AE5E9F9006966A0 /* BinarySearchTree.cpp */,
				F81EE30E1AE5E9F9006966A0 /* SplayTree.cpp */,
				F81EE3051AE5E93B006966A0 /* main.cpp */,
			);
			path = Test;
			sourceTree = "<group>";
		};
/* End PBXGroup section */

/* Begin PBXNativeTarget section */
		F81EE3011AE5E93A006966A0 /* Test */ = {
			isa = PBXNativeTarget;
			buildConfigurationList = F81EE3091AE5E93B006966A0 /* Build configuration list for PBXNativeTarget "Test" */;
			buildPhases = (
				F81EE2FE1AE5E93A006966A0 /* Sources */,
				F81EE2FF1AE5E93A006966A0 /* Frameworks */,
				F81EE3001AE5E93A006966A0 /* CopyFiles */,
			);
			buildRules = (
			);
			dependencies = (
			);
			name = Test;
			productName = Test;
			productReference = F81EE3021AE5E93A006966A0 /* Test */;
			productType = "com.apple.product-type.tool";
		};
/* End PBXNativeTarget section */

/* Begin PBXProject section */
		F81EE2FA1AE5E939006966A0 /* Project object */ = {
			isa = PBXProject;
			attributes = {
				LastUpgradeCheck = 0630;
				ORGANIZATIONNAME = Anish;
				TargetAttributes = {
					F81EE3011AE5E93A006966A0 = {
						CreatedOnToolsVersion = 6.3;
					};
				};
			};
			buildConfigurationList = F81EE2FD1AE5E93A006966A0 /* Build configuration list for PBXProject "Test" */;
			compatibilityVersion = "Xcode 3.2";
			developmentRegion = English;
			hasScannedForEncodings = 0;
			knownRegions = (
				en,
			);
			mainGroup = F81EE2F91AE5E939006966A0;
			productRefGroup = F81EE3031AE5E93A006966A0 /* Products */;
			projectDirPath = "";
			projectRoot = "";
			targets = (
				F81EE3011AE5E93A006966A0 /* Test */,
			);
		};
/* End PBXProject section */

/* Begin PBXSourcesBuildPhase section */
		F81EE2FE1AE5E93A006966A0 /* Sources */ = {
			isa = PBXSourcesBuildPhase;
			buildActionMask = 2147483647;
			files = (
				F81EE3061AE5E93B006966A0 /* main.cpp in Sources */,
				F81EE30F1AE5E9F9006966A0 /* AVLTree.cpp in Sources */,
				F81EE3101AE5E9F9006966A0 /* BinarySearchTree.cpp in Sources */,
				F81EE3111AE5E9F9006966A0 /* SplayTree.cpp in Sources */,
			);
			runOnlyForDeploymentPostprocessing = 0;
		};
/* End PBXSourcesBuildPhase section */

/* Begin XCBuildConfiguration section */
		F81EE3071AE5E93B006966A0 /* Debug */ = {
			isa = XCBuildConfiguration;
			buildSettings = {
				ALWAYS_SEARCH_USER_PATHS = NO;
				CLANG_CXX_LANGUAGE_STANDARD = "gnu++0x";
				CLANG_CXX_LIBRARY = "libc++";
				CLANG_ENABLE_MODULES = YES;
				CLANG_ENABLE_OBJC_ARC = YES;
				CLANG_WARN_BOOL_CONVERSION = YES;
				CLANG_WARN_CONSTANT_CONVERSION = YES;
				CLANG_WARN_DIRECT_OBJC_ISA_USAGE = YES_ERROR;
				CLANG_WARN_EMPTY_BODY = YES;
				CLANG_WARN_ENUM_CONVERSION = YES;
				CLANG_WARN_INT_CONVERSION = YES;
				CLANG_WARN_OBJC_ROOT_CLASS = YES_ERROR;
				CLANG_WARN_UNREACHABLE_CODE = YES;
				CLANG_WARN__DUPLICATE_METHOD_MATCH = YES;
				COPY_PHASE_STRIP = NO;
				DEBUG_INFORMATION_FORMAT = dwarf;
				ENABLE_STRICT_OBJC_MSGSEND = YES;
				GCC_C_LANGUAGE_STANDARD = gnu99;
				GCC_DYNAMIC_NO_PIC = NO;
				GCC_NO_COMMON_BLOCKS = YES;
				GCC_OPTIMIZATION_LEVEL = 0;
				GCC_PREPROCESSOR_DEFINITIONS = (
					"DEBUG=1",
					"$(inherited)",
				);
				GCC_SYMBOLS_PRIVATE_EXTERN = NO;
				GCC_WARN_64_TO_32_BIT_CONVERSION = YES;
				GCC_WARN_ABOUT_RETURN_TYPE = YES_ERROR;
				GCC_WARN_UNDECLARED_SELECTOR = YES;
				GCC_WARN_UNINITIALIZED_AUTOS = YES_AGGRESSIVE;
				GCC_WARN_UNUSED_FUNCTION = YES;
				GCC_WARN_UNUSED_VARIABLE = YES;
				MACOSX_DEPLOYMENT_TARGET = 10.10;
				MTL_ENABLE_DEBUG_INFO = YES;
				ONLY_ACTIVE_ARCH = YES;
				SDKROOT = macosx;
			};
			name = Debug;
		};
		F81EE3081AE5E93B006966A0 /* Release */ = {
			isa = XCBuildConfiguration;
			buildSettings = {
				ALWAYS_SEARCH_USER_PATHS = NO;
				CLANG_CXX_LANGUAGE_STANDARD = "gnu++0x";
				CLANG_CXX_LIBRARY = "libc++";
				CLANG_ENABLE_MODULES = YES;
				CLANG_ENABLE_OBJC_ARC = YES;
				CLANG_WARN_BOOL_CONVERSION = YES;
				CLANG_WARN_CONSTANT_CONVERSION = YES;
				CLANG_WARN_DIRECT_OBJC_ISA_USAGE = YES_ERROR;
				CLANG_WARN_EMPTY_BODY = YES;
				CLANG_WARN_ENUM_CONVERSION = YES;
				CLANG_WARN_INT_CONVERSION = YES;
				CLANG_WARN_OBJC_ROOT_CLASS = YES_ERROR;
				CLANG_WARN_UNREACHABLE_CODE = YES;
				CLANG_WARN__DUPLICATE_METHOD_MATCH = YES;
				COPY_PHASE_STRIP = NO;
				DEBUG_INFORMATION_FORMAT = "dwarf-with-dsym";
				ENABLE_NS_ASSERTIONS = NO;
				ENABLE_STRICT_OBJC_MSGSEND = YES;
				GCC_C_LANGUAGE_STANDARD = gnu99;
				GCC_NO_COMMON_BLOCKS = YES;
				GCC_WARN_64_TO_32_BIT_CONVERSION = YES;
				GCC_WARN_ABOUT_RETURN_TYPE = YES_ERROR;
				GCC_WARN_UNDECLARED_SELECTOR = YES;
				GCC_WARN_UNINITIALIZED_AUTOS = YES_AGGRESSIVE;
				GCC_WARN_UNUSED_FUNCTION = YES;
				GCC_WARN_UNUSED_VARIABLE = YES;
				MACOSX_DEPLOYMENT_TARGET = 10.10;
				MTL_ENABLE_DEBUG_INFO = NO;
				SDKROOT = macosx;
			};
			name = Release;
		};
		F81EE30A1AE5E93B006966A0 /* Debug */ = {
			isa = XCBuildConfiguration;
			buildSettings = {
				PRODUCT_NAME = "$(TARGET_NAME)";
			};
			name = Debug;
		};
		F81EE30B1AE5E93B006966A0 /* Release */ = {
			isa = XCBuildConfiguration;
			buildSettings = {
				PRODUCT_NAME = "$(TARGET_NAME)";
			};
			name = Release;
		};
/* End XCBuildConfiguration section */

/* Begin XCConfigurationList section */
		F81EE2FD1AE5E93A006966A0 /* Build configuration list for PBXProject "Test" */ = {
			isa = XCConfigurationList;
			buildConfigurations = (
				F81EE3071AE5E93B006966A0 /* Debug */,
				F81EE3081AE5E93B006966A0 /* Release */,
			);
			defaultConfigurationIsVisible = 0;
			defaultConfigurationName = Release;
		};
		F81EE3091AE5E93B006966A0 /* Build configuration list for PBXNativeTarget "Test" */ = {
			isa = XCConfigurationList;
			buildConfigurations = (
				F81EE30A1AE5E93B006966A0 /* Debug */,
				F81EE30B1AE5E93B006966A0 /* Release */,
			);
			defaultConfigurationIsVisible = 0;
		};
/* End XCConfigurationList section */
	};
	rootObject = F81EE2FA1AE5E939006966A0 /* Project object */;
}
